
Microsoft Visual Studio Solution File, Format Version 12.00
# Visual Studio Version 17
VisualStudioVersion = 17.1.32210.238
MinimumVisualStudioVersion = 10.0.40219.1
Project("{9A19103F-16F7-4668-BE54-9A1E7A4F7556}") = "TourPlanner", "TourPlanner\TourPlanner.csproj", "{3E6433FA-717B-4876-9524-A17C2FE79D29}"
EndProject
Project("{FAE04EC0-301F-11D3-BF4B-00C04F79EFBC}") = "TourPlannerTest", "TourPlannerTest\TourPlannerTest.csproj", "{09D08E8D-8575-4F09-BE03-20606F8FAE8E}"
EndProject
Global
	GlobalSection(SolutionConfigurationPlatforms) = preSolution
		Debug|Any CPU = Debug|Any CPU
		Release|Any CPU = Release|Any CPU
	EndGlobalSection
	GlobalSection(ProjectConfigurationPlatforms) = postSolution
		{3E6433FA-717B-4876-9524-A17C2FE79D29}.Debug|Any CPU.ActiveCfg = Debug|Any CPU
		{3E6433FA-717B-4876-9524-A17C2FE79D29}.Debug|Any CPU.Build.0 = Debug|Any CPU
		{3E6433FA-717B-4876-9524-A17C2FE79D29}.Release|Any CPU.ActiveCfg = Release|Any CPU
		{3E6433FA-717B-4876-9524-A17C2FE79D29}.Release|Any CPU.Build.0 = Release|Any CPU
		{09D08E8D-8575-4F09-BE03-20606F8FAE8E}.Debug|Any CPU.ActiveCfg = Debug|Any CPU
		{09D08E8D-8575-4F09-BE03-20606F8FAE8E}.Debug|Any CPU.Build.0 = Debug|Any CPU
		{09D08E8D-8575-4F09-BE03-20606F8FAE8E}.Release|Any CPU.ActiveCfg = Release|Any CPU
		{09D08E8D-8575-4F09-BE03-20606F8FAE8E}.Release|Any CPU.Build.0 = Release|Any CPU
	EndGlobalSection
	GlobalSection(SolutionProperties) = preSolution
		HideSolutionNode = FALSE
	EndGlobalSection
	GlobalSection(ExtensibilityGlobals) = postSolution
		SolutionGuid = {E9C9A741-07D4-4796-89DD-B0A251D5A4AD}
	EndGlobalSection
EndGlobal
